// !$*UTF8*$!
{
	archiveVersion = 1;
	classes = {
	};
	objectVersion = 50;
	objects = {

/* Begin PBXBuildFile section */
		08D09FD30E769946918B43D7 /* Pods_Notes.framework in Frameworks */ = {isa = PBXBuildFile; fileRef = A80BD806A6F362B95234DCBF /* Pods_Notes.framework */; };
		2E3CB52FB0C07BE25ED9786A /* Pods_NotesTests.framework in Frameworks */ = {isa = PBXBuildFile; fileRef = E7112D072558B6D2A28CBAFB /* Pods_NotesTests.framework */; };
		DFEABE75D9CCC52BE6D932BF /* Pods_NotesUITests.framework in Frameworks */ = {isa = PBXBuildFile; fileRef = C4B73EF2B3D5D71B662EE0F8 /* Pods_NotesUITests.framework */; };
		EF0A96862195603E00A28D85 /* Notes.swift in Sources */ = {isa = PBXBuildFile; fileRef = EF0A96852195603E00A28D85 /* Notes.swift */; };
		EF0A96882195609A00A28D85 /* referenceSevices.swift in Sources */ = {isa = PBXBuildFile; fileRef = EF0A96872195609A00A28D85 /* referenceSevices.swift */; };
		EF0A968A21956A2C00A28D85 /* CreateViewController.swift in Sources */ = {isa = PBXBuildFile; fileRef = EF0A968921956A2C00A28D85 /* CreateViewController.swift */; };
		EF0AF3352199D70F007851A4 /* DataBase.swift in Sources */ = {isa = PBXBuildFile; fileRef = EF0AF3342199D70F007851A4 /* DataBase.swift */; };
		EF3D06D6219139B00020D310 /* GoogleService-Info.plist in Resources */ = {isa = PBXBuildFile; fileRef = EF3D06D5219139B00020D310 /* GoogleService-Info.plist */; };
		EF3D06D9219140D30020D310 /* AvenirNextLTPro-BoldCnIt.otf in Resources */ = {isa = PBXBuildFile; fileRef = EF3D06D8219140AC0020D310 /* AvenirNextLTPro-BoldCnIt.otf */; };
		EF3D06DB2191428B0020D310 /* Assets.xcassets in Resources */ = {isa = PBXBuildFile; fileRef = EF3D06DA2191428B0020D310 /* Assets.xcassets */; };
		EF5763CB2192B2FB004FF5E0 /* Appdelegate:GoogleSignin.swift in Sources */ = {isa = PBXBuildFile; fileRef = EF5763CA2192B2FB004FF5E0 /* Appdelegate:GoogleSignin.swift */; };
		EF8466BF2191D17F00A4DD7E /* ListNoteViewController.swift in Sources */ = {isa = PBXBuildFile; fileRef = EF8466BE2191D17F00A4DD7E /* ListNoteViewController.swift */; };
		EF9431B3219C0F0E000EB681 /* EditViewController.swift in Sources */ = {isa = PBXBuildFile; fileRef = EF9431B2219C0F0E000EB681 /* EditViewController.swift */; };
		EF9431B5219C116B000EB681 /* Edits.swift in Sources */ = {isa = PBXBuildFile; fileRef = EF9431B4219C116B000EB681 /* Edits.swift */; };
		EF9431B7219C12D9000EB681 /* SettingViewController.swift in Sources */ = {isa = PBXBuildFile; fileRef = EF9431B6219C12D9000EB681 /* SettingViewController.swift */; };
		EFA4DD4C2190599D00C0B431 /* AppDelegate.swift in Sources */ = {isa = PBXBuildFile; fileRef = EFA4DD4B2190599D00C0B431 /* AppDelegate.swift */; };
		EFA4DD4E2190599D00C0B431 /* SigninViewController.swift in Sources */ = {isa = PBXBuildFile; fileRef = EFA4DD4D2190599D00C0B431 /* SigninViewController.swift */; };
		EFA4DD512190599D00C0B431 /* Main.storyboard in Resources */ = {isa = PBXBuildFile; fileRef = EFA4DD4F2190599D00C0B431 /* Main.storyboard */; };
		EFA4DD562190599F00C0B431 /* LaunchScreen.storyboard in Resources */ = {isa = PBXBuildFile; fileRef = EFA4DD542190599F00C0B431 /* LaunchScreen.storyboard */; };
		EFA4DD612190599F00C0B431 /* NotesTests.swift in Sources */ = {isa = PBXBuildFile; fileRef = EFA4DD602190599F00C0B431 /* NotesTests.swift */; };
		EFA4DD6C2190599F00C0B431 /* NotesUITests.swift in Sources */ = {isa = PBXBuildFile; fileRef = EFA4DD6B2190599F00C0B431 /* NotesUITests.swift */; };
		EFBF294A219210F800356B71 /* ListTableViewCell.swift in Sources */ = {isa = PBXBuildFile; fileRef = EFBF2948219210F800356B71 /* ListTableViewCell.swift */; };
		EFBF294B219210F800356B71 /* ListTableViewCell.xib in Resources */ = {isa = PBXBuildFile; fileRef = EFBF2949219210F800356B71 /* ListTableViewCell.xib */; };
		EFD52F7921989EB5007F2A65 /* Users.swift in Sources */ = {isa = PBXBuildFile; fileRef = EFD52F7821989EB5007F2A65 /* Users.swift */; };
/* End PBXBuildFile section */

/* Begin PBXContainerItemProxy section */
		EFA4DD5D2190599F00C0B431 /* PBXContainerItemProxy */ = {
			isa = PBXContainerItemProxy;
			containerPortal = EFA4DD402190599D00C0B431 /* Project object */;
			proxyType = 1;
			remoteGlobalIDString = EFA4DD472190599D00C0B431;
			remoteInfo = Notes;
		};
		EFA4DD682190599F00C0B431 /* PBXContainerItemProxy */ = {
			isa = PBXContainerItemProxy;
			containerPortal = EFA4DD402190599D00C0B431 /* Project object */;
			proxyType = 1;
			remoteGlobalIDString = EFA4DD472190599D00C0B431;
			remoteInfo = Notes;
		};
/* End PBXContainerItemProxy section */

/* Begin PBXFileReference section */
		0D22BCF24F60EDFA7DD874D8 /* Pods-NotesUITests.debug.xcconfig */ = {isa = PBXFileReference; includeInIndex = 1; lastKnownFileType = text.xcconfig; name = "Pods-NotesUITests.debug.xcconfig"; path = "Pods/Target Support Files/Pods-NotesUITests/Pods-NotesUITests.debug.xcconfig"; sourceTree = "<group>"; };
		15D10C265699C7268D633932 /* Pods-Notes.debug.xcconfig */ = {isa = PBXFileReference; includeInIndex = 1; lastKnownFileType = text.xcconfig; name = "Pods-Notes.debug.xcconfig"; path = "Pods/Target Support Files/Pods-Notes/Pods-Notes.debug.xcconfig"; sourceTree = "<group>"; };
		1806C992E171949B8F380438 /* Pods-NotesTests.debug.xcconfig */ = {isa = PBXFileReference; includeInIndex = 1; lastKnownFileType = text.xcconfig; name = "Pods-NotesTests.debug.xcconfig"; path = "Pods/Target Support Files/Pods-NotesTests/Pods-NotesTests.debug.xcconfig"; sourceTree = "<group>"; };
		662D6CEBF1D2F626A636127A /* Pods-NotesTests.release.xcconfig */ = {isa = PBXFileReference; includeInIndex = 1; lastKnownFileType = text.xcconfig; name = "Pods-NotesTests.release.xcconfig"; path = "Pods/Target Support Files/Pods-NotesTests/Pods-NotesTests.release.xcconfig"; sourceTree = "<group>"; };
		A80BD806A6F362B95234DCBF /* Pods_Notes.framework */ = {isa = PBXFileReference; explicitFileType = wrapper.framework; includeInIndex = 0; path = Pods_Notes.framework; sourceTree = BUILT_PRODUCTS_DIR; };
		C4B73EF2B3D5D71B662EE0F8 /* Pods_NotesUITests.framework */ = {isa = PBXFileReference; explicitFileType = wrapper.framework; includeInIndex = 0; path = Pods_NotesUITests.framework; sourceTree = BUILT_PRODUCTS_DIR; };
		C84E788464E93A49FE2F69CE /* Pods-NotesUITests.release.xcconfig */ = {isa = PBXFileReference; includeInIndex = 1; lastKnownFileType = text.xcconfig; name = "Pods-NotesUITests.release.xcconfig"; path = "Pods/Target Support Files/Pods-NotesUITests/Pods-NotesUITests.release.xcconfig"; sourceTree = "<group>"; };
		CB3BDE862C72E44F9F558CA2 /* Pods-Notes.release.xcconfig */ = {isa = PBXFileReference; includeInIndex = 1; lastKnownFileType = text.xcconfig; name = "Pods-Notes.release.xcconfig"; path = "Pods/Target Support Files/Pods-Notes/Pods-Notes.release.xcconfig"; sourceTree = "<group>"; };
		E7112D072558B6D2A28CBAFB /* Pods_NotesTests.framework */ = {isa = PBXFileReference; explicitFileType = wrapper.framework; includeInIndex = 0; path = Pods_NotesTests.framework; sourceTree = BUILT_PRODUCTS_DIR; };
		EF0A96852195603E00A28D85 /* Notes.swift */ = {isa = PBXFileReference; lastKnownFileType = sourcecode.swift; path = Notes.swift; sourceTree = "<group>"; };
		EF0A96872195609A00A28D85 /* referenceSevices.swift */ = {isa = PBXFileReference; lastKnownFileType = sourcecode.swift; path = referenceSevices.swift; sourceTree = "<group>"; };
		EF0A968921956A2C00A28D85 /* CreateViewController.swift */ = {isa = PBXFileReference; lastKnownFileType = sourcecode.swift; path = CreateViewController.swift; sourceTree = "<group>"; };
		EF0AF3342199D70F007851A4 /* DataBase.swift */ = {isa = PBXFileReference; lastKnownFileType = sourcecode.swift; path = DataBase.swift; sourceTree = "<group>"; };
		EF3D06D5219139B00020D310 /* GoogleService-Info.plist */ = {isa = PBXFileReference; fileEncoding = 4; lastKnownFileType = text.plist.xml; path = "GoogleService-Info.plist"; sourceTree = "<group>"; };
		EF3D06D8219140AC0020D310 /* AvenirNextLTPro-BoldCnIt.otf */ = {isa = PBXFileReference; lastKnownFileType = file; path = "AvenirNextLTPro-BoldCnIt.otf"; sourceTree = "<group>"; };
		EF3D06DA2191428B0020D310 /* Assets.xcassets */ = {isa = PBXFileReference; lastKnownFileType = folder.assetcatalog; path = Assets.xcassets; sourceTree = "<group>"; };
		EF5763CA2192B2FB004FF5E0 /* Appdelegate:GoogleSignin.swift */ = {isa = PBXFileReference; lastKnownFileType = sourcecode.swift; path = "Appdelegate:GoogleSignin.swift"; sourceTree = "<group>"; };
		EF8466BE2191D17F00A4DD7E /* ListNoteViewController.swift */ = {isa = PBXFileReference; lastKnownFileType = sourcecode.swift; path = ListNoteViewController.swift; sourceTree = "<group>"; };
		EF9431B2219C0F0E000EB681 /* EditViewController.swift */ = {isa = PBXFileReference; lastKnownFileType = sourcecode.swift; path = EditViewController.swift; sourceTree = "<group>"; };
		EF9431B4219C116B000EB681 /* Edits.swift */ = {isa = PBXFileReference; lastKnownFileType = sourcecode.swift; path = Edits.swift; sourceTree = "<group>"; };
		EF9431B6219C12D9000EB681 /* SettingViewController.swift */ = {isa = PBXFileReference; lastKnownFileType = sourcecode.swift; path = SettingViewController.swift; sourceTree = "<group>"; };
		EFA4DD482190599D00C0B431 /* Notes.app */ = {isa = PBXFileReference; explicitFileType = wrapper.application; includeInIndex = 0; path = Notes.app; sourceTree = BUILT_PRODUCTS_DIR; };
		EFA4DD4B2190599D00C0B431 /* AppDelegate.swift */ = {isa = PBXFileReference; lastKnownFileType = sourcecode.swift; path = AppDelegate.swift; sourceTree = "<group>"; };
		EFA4DD4D2190599D00C0B431 /* SigninViewController.swift */ = {isa = PBXFileReference; lastKnownFileType = sourcecode.swift; path = SigninViewController.swift; sourceTree = "<group>"; };
		EFA4DD502190599D00C0B431 /* Base */ = {isa = PBXFileReference; lastKnownFileType = file.storyboard; name = Base; path = Base.lproj/Main.storyboard; sourceTree = "<group>"; };
		EFA4DD552190599F00C0B431 /* Base */ = {isa = PBXFileReference; lastKnownFileType = file.storyboard; name = Base; path = Base.lproj/LaunchScreen.storyboard; sourceTree = "<group>"; };
		EFA4DD572190599F00C0B431 /* Info.plist */ = {isa = PBXFileReference; lastKnownFileType = text.plist.xml; path = Info.plist; sourceTree = "<group>"; };
		EFA4DD5C2190599F00C0B431 /* NotesTests.xctest */ = {isa = PBXFileReference; explicitFileType = wrapper.cfbundle; includeInIndex = 0; path = NotesTests.xctest; sourceTree = BUILT_PRODUCTS_DIR; };
		EFA4DD602190599F00C0B431 /* NotesTests.swift */ = {isa = PBXFileReference; lastKnownFileType = sourcecode.swift; path = NotesTests.swift; sourceTree = "<group>"; };
		EFA4DD622190599F00C0B431 /* Info.plist */ = {isa = PBXFileReference; lastKnownFileType = text.plist.xml; path = Info.plist; sourceTree = "<group>"; };
		EFA4DD672190599F00C0B431 /* NotesUITests.xctest */ = {isa = PBXFileReference; explicitFileType = wrapper.cfbundle; includeInIndex = 0; path = NotesUITests.xctest; sourceTree = BUILT_PRODUCTS_DIR; };
		EFA4DD6B2190599F00C0B431 /* NotesUITests.swift */ = {isa = PBXFileReference; lastKnownFileType = sourcecode.swift; path = NotesUITests.swift; sourceTree = "<group>"; };
		EFA4DD6D2190599F00C0B431 /* Info.plist */ = {isa = PBXFileReference; lastKnownFileType = text.plist.xml; path = Info.plist; sourceTree = "<group>"; };
		EFBF2948219210F800356B71 /* ListTableViewCell.swift */ = {isa = PBXFileReference; lastKnownFileType = sourcecode.swift; path = ListTableViewCell.swift; sourceTree = "<group>"; };
		EFBF2949219210F800356B71 /* ListTableViewCell.xib */ = {isa = PBXFileReference; lastKnownFileType = file.xib; path = ListTableViewCell.xib; sourceTree = "<group>"; };
		EFD52F7821989EB5007F2A65 /* Users.swift */ = {isa = PBXFileReference; lastKnownFileType = sourcecode.swift; path = Users.swift; sourceTree = "<group>"; };
/* End PBXFileReference section */

/* Begin PBXFrameworksBuildPhase section */
		EFA4DD452190599D00C0B431 /* Frameworks */ = {
			isa = PBXFrameworksBuildPhase;
			buildActionMask = 2147483647;
			files = (
				08D09FD30E769946918B43D7 /* Pods_Notes.framework in Frameworks */,
			);
			runOnlyForDeploymentPostprocessing = 0;
		};
		EFA4DD592190599F00C0B431 /* Frameworks */ = {
			isa = PBXFrameworksBuildPhase;
			buildActionMask = 2147483647;
			files = (
				2E3CB52FB0C07BE25ED9786A /* Pods_NotesTests.framework in Frameworks */,
			);
			runOnlyForDeploymentPostprocessing = 0;
		};
		EFA4DD642190599F00C0B431 /* Frameworks */ = {
			isa = PBXFrameworksBuildPhase;
			buildActionMask = 2147483647;
			files = (
				DFEABE75D9CCC52BE6D932BF /* Pods_NotesUITests.framework in Frameworks */,
			);
			runOnlyForDeploymentPostprocessing = 0;
		};
/* End PBXFrameworksBuildPhase section */

/* Begin PBXGroup section */
		0A3978B9852A118A201EB4C0 /* Frameworks */ = {
			isa = PBXGroup;
			children = (
				A80BD806A6F362B95234DCBF /* Pods_Notes.framework */,
				E7112D072558B6D2A28CBAFB /* Pods_NotesTests.framework */,
				C4B73EF2B3D5D71B662EE0F8 /* Pods_NotesUITests.framework */,
			);
			name = Frameworks;
			sourceTree = "<group>";
		};
		EC00279DD57398B6A21CA9E6 /* Pods */ = {
			isa = PBXGroup;
			children = (
				15D10C265699C7268D633932 /* Pods-Notes.debug.xcconfig */,
				CB3BDE862C72E44F9F558CA2 /* Pods-Notes.release.xcconfig */,
				1806C992E171949B8F380438 /* Pods-NotesTests.debug.xcconfig */,
				662D6CEBF1D2F626A636127A /* Pods-NotesTests.release.xcconfig */,
				0D22BCF24F60EDFA7DD874D8 /* Pods-NotesUITests.debug.xcconfig */,
				C84E788464E93A49FE2F69CE /* Pods-NotesUITests.release.xcconfig */,
			);
			name = Pods;
			sourceTree = "<group>";
		};
		EF0AF3332199D6EC007851A4 /* Base */ = {
			isa = PBXGroup;
			children = (
				EF0AF3342199D70F007851A4 /* DataBase.swift */,
			);
			path = Base;
			sourceTree = "<group>";
		};
		EF3D06D7219140950020D310 /* Font */ = {
			isa = PBXGroup;
			children = (
				EF3D06D8219140AC0020D310 /* AvenirNextLTPro-BoldCnIt.otf */,
			);
			path = Font;
			sourceTree = "<group>";
		};
		EF5763C82192B255004FF5E0 /* ViewController */ = {
			isa = PBXGroup;
			children = (
				EFA4DD4D2190599D00C0B431 /* SigninViewController.swift */,
				EF8466BE2191D17F00A4DD7E /* ListNoteViewController.swift */,
				EF0A968921956A2C00A28D85 /* CreateViewController.swift */,
				EF9431B2219C0F0E000EB681 /* EditViewController.swift */,
				EF9431B6219C12D9000EB681 /* SettingViewController.swift */,
			);
			path = ViewController;
			sourceTree = "<group>";
		};
		EF5763C92192B2B2004FF5E0 /* Extensions */ = {
			isa = PBXGroup;
			children = (
				EF5763CA2192B2FB004FF5E0 /* Appdelegate:GoogleSignin.swift */,
				EF0A96872195609A00A28D85 /* referenceSevices.swift */,
			);
			path = Extensions;
			sourceTree = "<group>";
		};
		EF5763CC2192B475004FF5E0 /* Models */ = {
			isa = PBXGroup;
			children = (
				EF0A96852195603E00A28D85 /* Notes.swift */,
				EFD52F7821989EB5007F2A65 /* Users.swift */,
				EF9431B4219C116B000EB681 /* Edits.swift */,
			);
			path = Models;
			sourceTree = "<group>";
		};
		EFA4DD3F2190599D00C0B431 = {
			isa = PBXGroup;
			children = (
				EFA4DD4A2190599D00C0B431 /* Notes */,
				EFA4DD5F2190599F00C0B431 /* NotesTests */,
				EFA4DD6A2190599F00C0B431 /* NotesUITests */,
				EFA4DD492190599D00C0B431 /* Products */,
				EC00279DD57398B6A21CA9E6 /* Pods */,
				0A3978B9852A118A201EB4C0 /* Frameworks */,
			);
			sourceTree = "<group>";
		};
		EFA4DD492190599D00C0B431 /* Products */ = {
			isa = PBXGroup;
			children = (
				EFA4DD482190599D00C0B431 /* Notes.app */,
				EFA4DD5C2190599F00C0B431 /* NotesTests.xctest */,
				EFA4DD672190599F00C0B431 /* NotesUITests.xctest */,
			);
			name = Products;
			sourceTree = "<group>";
		};
		EFA4DD4A2190599D00C0B431 /* Notes */ = {
			isa = PBXGroup;
			children = (
				EFA4DD4B2190599D00C0B431 /* AppDelegate.swift */,
				EFBF2948219210F800356B71 /* ListTableViewCell.swift */,
				EFBF2949219210F800356B71 /* ListTableViewCell.xib */,
				EFA4DD4F2190599D00C0B431 /* Main.storyboard */,
				EFA4DD542190599F00C0B431 /* LaunchScreen.storyboard */,
				EF3D06DA2191428B0020D310 /* Assets.xcassets */,
				EFA4DD572190599F00C0B431 /* Info.plist */,
				EF3D06D5219139B00020D310 /* GoogleService-Info.plist */,
				EF0AF3332199D6EC007851A4 /* Base */,
				EF5763C82192B255004FF5E0 /* ViewController */,
				EF5763CC2192B475004FF5E0 /* Models */,
				EF5763C92192B2B2004FF5E0 /* Extensions */,
				EF3D06D7219140950020D310 /* Font */,
			);
			path = Notes;
			sourceTree = "<group>";
		};
		EFA4DD5F2190599F00C0B431 /* NotesTests */ = {
			isa = PBXGroup;
			children = (
				EFA4DD602190599F00C0B431 /* NotesTests.swift */,
				EFA4DD622190599F00C0B431 /* Info.plist */,
			);
			path = NotesTests;
			sourceTree = "<group>";
		};
		EFA4DD6A2190599F00C0B431 /* NotesUITests */ = {
			isa = PBXGroup;
			children = (
				EFA4DD6B2190599F00C0B431 /* NotesUITests.swift */,
				EFA4DD6D2190599F00C0B431 /* Info.plist */,
			);
			path = NotesUITests;
			sourceTree = "<group>";
		};
/* End PBXGroup section */

/* Begin PBXNativeTarget section */
		EFA4DD472190599D00C0B431 /* Notes */ = {
			isa = PBXNativeTarget;
			buildConfigurationList = EFA4DD702190599F00C0B431 /* Build configuration list for PBXNativeTarget "Notes" */;
			buildPhases = (
				389423CF56AE1D111A4B7849 /* [CP] Check Pods Manifest.lock */,
				EFA4DD442190599D00C0B431 /* Sources */,
				EFA4DD452190599D00C0B431 /* Frameworks */,
				EFA4DD462190599D00C0B431 /* Resources */,
				2B0F008E524621A52699F369 /* [CP] Embed Pods Frameworks */,
				D8E02D53B732953924E7D280 /* [CP] Copy Pods Resources */,
			);
			buildRules = (
			);
			dependencies = (
			);
			name = Notes;
			productName = Notes;
			productReference = EFA4DD482190599D00C0B431 /* Notes.app */;
			productType = "com.apple.product-type.application";
		};
		EFA4DD5B2190599F00C0B431 /* NotesTests */ = {
			isa = PBXNativeTarget;
			buildConfigurationList = EFA4DD732190599F00C0B431 /* Build configuration list for PBXNativeTarget "NotesTests" */;
			buildPhases = (
				EDF367593A72E837BF1E2977 /* [CP] Check Pods Manifest.lock */,
				EFA4DD582190599F00C0B431 /* Sources */,
				EFA4DD592190599F00C0B431 /* Frameworks */,
				EFA4DD5A2190599F00C0B431 /* Resources */,
			);
			buildRules = (
			);
			dependencies = (
				EFA4DD5E2190599F00C0B431 /* PBXTargetDependency */,
			);
			name = NotesTests;
			productName = NotesTests;
			productReference = EFA4DD5C2190599F00C0B431 /* NotesTests.xctest */;
			productType = "com.apple.product-type.bundle.unit-test";
		};
		EFA4DD662190599F00C0B431 /* NotesUITests */ = {
			isa = PBXNativeTarget;
			buildConfigurationList = EFA4DD762190599F00C0B431 /* Build configuration list for PBXNativeTarget "NotesUITests" */;
			buildPhases = (
				31B0A38C3B03646C7EC510CB /* [CP] Check Pods Manifest.lock */,
				EFA4DD632190599F00C0B431 /* Sources */,
				EFA4DD642190599F00C0B431 /* Frameworks */,
				EFA4DD652190599F00C0B431 /* Resources */,
			);
			buildRules = (
			);
			dependencies = (
				EFA4DD692190599F00C0B431 /* PBXTargetDependency */,
			);
			name = NotesUITests;
			productName = NotesUITests;
			productReference = EFA4DD672190599F00C0B431 /* NotesUITests.xctest */;
			productType = "com.apple.product-type.bundle.ui-testing";
		};
/* End PBXNativeTarget section */

/* Begin PBXProject section */
		EFA4DD402190599D00C0B431 /* Project object */ = {
			isa = PBXProject;
			attributes = {
				LastSwiftUpdateCheck = 0940;
				LastUpgradeCheck = 0940;
				ORGANIZATIONNAME = "Hoang ap";
				TargetAttributes = {
					EFA4DD472190599D00C0B431 = {
						CreatedOnToolsVersion = 9.4.1;
					};
					EFA4DD5B2190599F00C0B431 = {
						CreatedOnToolsVersion = 9.4.1;
						TestTargetID = EFA4DD472190599D00C0B431;
					};
					EFA4DD662190599F00C0B431 = {
						CreatedOnToolsVersion = 9.4.1;
						TestTargetID = EFA4DD472190599D00C0B431;
					};
				};
			};
			buildConfigurationList = EFA4DD432190599D00C0B431 /* Build configuration list for PBXProject "Notes" */;
			compatibilityVersion = "Xcode 9.3";
			developmentRegion = en;
			hasScannedForEncodings = 0;
			knownRegions = (
				en,
				Base,
			);
			mainGroup = EFA4DD3F2190599D00C0B431;
			productRefGroup = EFA4DD492190599D00C0B431 /* Products */;
			projectDirPath = "";
			projectRoot = "";
			targets = (
				EFA4DD472190599D00C0B431 /* Notes */,
				EFA4DD5B2190599F00C0B431 /* NotesTests */,
				EFA4DD662190599F00C0B431 /* NotesUITests */,
			);
		};
/* End PBXProject section */

/* Begin PBXResourcesBuildPhase section */
		EFA4DD462190599D00C0B431 /* Resources */ = {
			isa = PBXResourcesBuildPhase;
			buildActionMask = 2147483647;
			files = (
				EFA4DD562190599F00C0B431 /* LaunchScreen.storyboard in Resources */,
				EFBF294B219210F800356B71 /* ListTableViewCell.xib in Resources */,
				EF3D06D9219140D30020D310 /* AvenirNextLTPro-BoldCnIt.otf in Resources */,
				EF3D06D6219139B00020D310 /* GoogleService-Info.plist in Resources */,
				EFA4DD512190599D00C0B431 /* Main.storyboard in Resources */,
				EF3D06DB2191428B0020D310 /* Assets.xcassets in Resources */,
			);
			runOnlyForDeploymentPostprocessing = 0;
		};
		EFA4DD5A2190599F00C0B431 /* Resources */ = {
			isa = PBXResourcesBuildPhase;
			buildActionMask = 2147483647;
			files = (
			);
			runOnlyForDeploymentPostprocessing = 0;
		};
		EFA4DD652190599F00C0B431 /* Resources */ = {
			isa = PBXResourcesBuildPhase;
			buildActionMask = 2147483647;
			files = (
			);
			runOnlyForDeploymentPostprocessing = 0;
		};
/* End PBXResourcesBuildPhase section */

/* Begin PBXShellScriptBuildPhase section */
		2B0F008E524621A52699F369 /* [CP] Embed Pods Frameworks */ = {
			isa = PBXShellScriptBuildPhase;
			buildActionMask = 2147483647;
			files = (
			);
			inputPaths = (
				"${SRCROOT}/Pods/Target Support Files/Pods-Notes/Pods-Notes-frameworks.sh",
				"${BUILT_PRODUCTS_DIR}/Alamofire/Alamofire.framework",
				"${BUILT_PRODUCTS_DIR}/BoringSSL/openssl.framework",
				"${BUILT_PRODUCTS_DIR}/GTMOAuth2/GTMOAuth2.framework",
				"${BUILT_PRODUCTS_DIR}/GTMSessionFetcher/GTMSessionFetcher.framework",
				"${BUILT_PRODUCTS_DIR}/GoogleToolboxForMac/GoogleToolboxForMac.framework",
				"${BUILT_PRODUCTS_DIR}/GoogleUtilities/GoogleUtilities.framework",
				"${BUILT_PRODUCTS_DIR}/MBProgressHUD/MBProgressHUD.framework",
				"${BUILT_PRODUCTS_DIR}/Protobuf/Protobuf.framework",
				"${BUILT_PRODUCTS_DIR}/SDWebImage/SDWebImage.framework",
				"${BUILT_PRODUCTS_DIR}/SwiftyJSON/SwiftyJSON.framework",
				"${BUILT_PRODUCTS_DIR}/gRPC/GRPCClient.framework",
				"${BUILT_PRODUCTS_DIR}/gRPC-C++/grpcpp.framework",
				"${BUILT_PRODUCTS_DIR}/gRPC-Core/grpc.framework",
				"${BUILT_PRODUCTS_DIR}/gRPC-ProtoRPC/ProtoRPC.framework",
				"${BUILT_PRODUCTS_DIR}/gRPC-RxLibrary/RxLibrary.framework",
				"${BUILT_PRODUCTS_DIR}/leveldb-library/leveldb.framework",
				"${BUILT_PRODUCTS_DIR}/nanopb/nanopb.framework",
			);
			name = "[CP] Embed Pods Frameworks";
			outputPaths = (
				"${TARGET_BUILD_DIR}/${FRAMEWORKS_FOLDER_PATH}/Alamofire.framework",
				"${TARGET_BUILD_DIR}/${FRAMEWORKS_FOLDER_PATH}/openssl.framework",
				"${TARGET_BUILD_DIR}/${FRAMEWORKS_FOLDER_PATH}/GTMOAuth2.framework",
				"${TARGET_BUILD_DIR}/${FRAMEWORKS_FOLDER_PATH}/GTMSessionFetcher.framework",
				"${TARGET_BUILD_DIR}/${FRAMEWORKS_FOLDER_PATH}/GoogleToolboxForMac.framework",
				"${TARGET_BUILD_DIR}/${FRAMEWORKS_FOLDER_PATH}/GoogleUtilities.framework",
				"${TARGET_BUILD_DIR}/${FRAMEWORKS_FOLDER_PATH}/MBProgressHUD.framework",
				"${TARGET_BUILD_DIR}/${FRAMEWORKS_FOLDER_PATH}/Protobuf.framework",
				"${TARGET_BUILD_DIR}/${FRAMEWORKS_FOLDER_PATH}/SDWebImage.framework",
				"${TARGET_BUILD_DIR}/${FRAMEWORKS_FOLDER_PATH}/SwiftyJSON.framework",
				"${TARGET_BUILD_DIR}/${FRAMEWORKS_FOLDER_PATH}/GRPCClient.framework",
				"${TARGET_BUILD_DIR}/${FRAMEWORKS_FOLDER_PATH}/grpcpp.framework",
				"${TARGET_BUILD_DIR}/${FRAMEWORKS_FOLDER_PATH}/grpc.framework",
				"${TARGET_BUILD_DIR}/${FRAMEWORKS_FOLDER_PATH}/ProtoRPC.framework",
				"${TARGET_BUILD_DIR}/${FRAMEWORKS_FOLDER_PATH}/RxLibrary.framework",
				"${TARGET_BUILD_DIR}/${FRAMEWORKS_FOLDER_PATH}/leveldb.framework",
				"${TARGET_BUILD_DIR}/${FRAMEWORKS_FOLDER_PATH}/nanopb.framework",
			);
			runOnlyForDeploymentPostprocessing = 0;
			shellPath = /bin/sh;
			shellScript = "\"${SRCROOT}/Pods/Target Support Files/Pods-Notes/Pods-Notes-frameworks.sh\"\n";
			showEnvVarsInLog = 0;
		};
		31B0A38C3B03646C7EC510CB /* [CP] Check Pods Manifest.lock */ = {
			isa = PBXShellScriptBuildPhase;
			buildActionMask = 2147483647;
			files = (
			);
			inputPaths = (
				"${PODS_PODFILE_DIR_PATH}/Podfile.lock",
				"${PODS_ROOT}/Manifest.lock",
			);
			name = "[CP] Check Pods Manifest.lock";
			outputPaths = (
				"$(DERIVED_FILE_DIR)/Pods-NotesUITests-checkManifestLockResult.txt",
			);
			runOnlyForDeploymentPostprocessing = 0;
			shellPath = /bin/sh;
			shellScript = "diff \"${PODS_PODFILE_DIR_PATH}/Podfile.lock\" \"${PODS_ROOT}/Manifest.lock\" > /dev/null\nif [ $? != 0 ] ; then\n    # print error to STDERR\n    echo \"error: The sandbox is not in sync with the Podfile.lock. Run 'pod install' or update your CocoaPods installation.\" >&2\n    exit 1\nfi\n# This output is used by Xcode 'outputs' to avoid re-running this script phase.\necho \"SUCCESS\" > \"${SCRIPT_OUTPUT_FILE_0}\"\n";
			showEnvVarsInLog = 0;
		};
		389423CF56AE1D111A4B7849 /* [CP] Check Pods Manifest.lock */ = {
			isa = PBXShellScriptBuildPhase;
			buildActionMask = 2147483647;
			files = (
			);
			inputPaths = (
				"${PODS_PODFILE_DIR_PATH}/Podfile.lock",
				"${PODS_ROOT}/Manifest.lock",
			);
			name = "[CP] Check Pods Manifest.lock";
			outputPaths = (
				"$(DERIVED_FILE_DIR)/Pods-Notes-checkManifestLockResult.txt",
			);
			runOnlyForDeploymentPostprocessing = 0;
			shellPath = /bin/sh;
			shellScript = "diff \"${PODS_PODFILE_DIR_PATH}/Podfile.lock\" \"${PODS_ROOT}/Manifest.lock\" > /dev/null\nif [ $? != 0 ] ; then\n    # print error to STDERR\n    echo \"error: The sandbox is not in sync with the Podfile.lock. Run 'pod install' or update your CocoaPods installation.\" >&2\n    exit 1\nfi\n# This output is used by Xcode 'outputs' to avoid re-running this script phase.\necho \"SUCCESS\" > \"${SCRIPT_OUTPUT_FILE_0}\"\n";
			showEnvVarsInLog = 0;
		};
		D8E02D53B732953924E7D280 /* [CP] Copy Pods Resources */ = {
			isa = PBXShellScriptBuildPhase;
			buildActionMask = 2147483647;
			files = (
			);
			inputPaths = (
				"${SRCROOT}/Pods/Target Support Files/Pods-Notes/Pods-Notes-resources.sh",
				"${PODS_ROOT}/GoogleSignIn/Resources/GoogleSignIn.bundle",
			);
			name = "[CP] Copy Pods Resources";
			outputPaths = (
				"${TARGET_BUILD_DIR}/${UNLOCALIZED_RESOURCES_FOLDER_PATH}/GoogleSignIn.bundle",
			);
			runOnlyForDeploymentPostprocessing = 0;
			shellPath = /bin/sh;
			shellScript = "\"${SRCROOT}/Pods/Target Support Files/Pods-Notes/Pods-Notes-resources.sh\"\n";
			showEnvVarsInLog = 0;
		};
		EDF367593A72E837BF1E2977 /* [CP] Check Pods Manifest.lock */ = {
			isa = PBXShellScriptBuildPhase;
			buildActionMask = 2147483647;
			files = (
			);
			inputPaths = (
				"${PODS_PODFILE_DIR_PATH}/Podfile.lock",
				"${PODS_ROOT}/Manifest.lock",
			);
			name = "[CP] Check Pods Manifest.lock";
			outputPaths = (
				"$(DERIVED_FILE_DIR)/Pods-NotesTests-checkManifestLockResult.txt",
			);
			runOnlyForDeploymentPostprocessing = 0;
			shellPath = /bin/sh;
			shellScript = "diff \"${PODS_PODFILE_DIR_PATH}/Podfile.lock\" \"${PODS_ROOT}/Manifest.lock\" > /dev/null\nif [ $? != 0 ] ; then\n    # print error to STDERR\n    echo \"error: The sandbox is not in sync with the Podfile.lock. Run 'pod install' or update your CocoaPods installation.\" >&2\n    exit 1\nfi\n# This output is used by Xcode 'outputs' to avoid re-running this script phase.\necho \"SUCCESS\" > \"${SCRIPT_OUTPUT_FILE_0}\"\n";
			showEnvVarsInLog = 0;
		};
/* End PBXShellScriptBuildPhase section */

/* Begin PBXSourcesBuildPhase section */
		EFA4DD442190599D00C0B431 /* Sources */ = {
			isa = PBXSourcesBuildPhase;
			buildActionMask = 2147483647;
			files = (
				EF0A968A21956A2C00A28D85 /* CreateViewController.swift in Sources */,
				EFD52F7921989EB5007F2A65 /* Users.swift in Sources */,
				EF8466BF2191D17F00A4DD7E /* ListNoteViewController.swift in Sources */,
				EF9431B7219C12D9000EB681 /* SettingViewController.swift in Sources */,
				EF5763CB2192B2FB004FF5E0 /* Appdelegate:GoogleSignin.swift in Sources */,
				EFBF294A219210F800356B71 /* ListTableViewCell.swift in Sources */,
				EF0AF3352199D70F007851A4 /* DataBase.swift in Sources */,
				EFA4DD4E2190599D00C0B431 /* SigninViewController.swift in Sources */,
				EF9431B5219C116B000EB681 /* Edits.swift in Sources */,
				EFA4DD4C2190599D00C0B431 /* AppDelegate.swift in Sources */,
				EF0A96862195603E00A28D85 /* Notes.swift in Sources */,
				EF9431B3219C0F0E000EB681 /* EditViewController.swift in Sources */,
				EF0A96882195609A00A28D85 /* referenceSevices.swift in Sources */,
			);
			runOnlyForDeploymentPostprocessing = 0;
		};
		EFA4DD582190599F00C0B431 /* Sources */ = {
			isa = PBXSourcesBuildPhase;
			buildActionMask = 2147483647;
			files = (
				EFA4DD612190599F00C0B431 /* NotesTests.swift in Sources */,
			);
			runOnlyForDeploymentPostprocessing = 0;
		};
		EFA4DD632190599F00C0B431 /* Sources */ = {
			isa = PBXSourcesBuildPhase;
			buildActionMask = 2147483647;
			files = (
				EFA4DD6C2190599F00C0B431 /* NotesUITests.swift in Sources */,
			);
			runOnlyForDeploymentPostprocessing = 0;
		};
/* End PBXSourcesBuildPhase section */

/* Begin PBXTargetDependency section */
		EFA4DD5E2190599F00C0B431 /* PBXTargetDependency */ = {
			isa = PBXTargetDependency;
			target = EFA4DD472190599D00C0B431 /* Notes */;
			targetProxy = EFA4DD5D2190599F00C0B431 /* PBXContainerItemProxy */;
		};
		EFA4DD692190599F00C0B431 /* PBXTargetDependency */ = {
			isa = PBXTargetDependency;
			target = EFA4DD472190599D00C0B431 /* Notes */;
			targetProxy = EFA4DD682190599F00C0B431 /* PBXContainerItemProxy */;
		};
/* End PBXTargetDependency section */

/* Begin PBXVariantGroup section */
		EFA4DD4F2190599D00C0B431 /* Main.storyboard */ = {
			isa = PBXVariantGroup;
			children = (
				EFA4DD502190599D00C0B431 /* Base */,
			);
			name = Main.storyboard;
			sourceTree = "<group>";
		};
		EFA4DD542190599F00C0B431 /* LaunchScreen.storyboard */ = {
			isa = PBXVariantGroup;
			children = (
				EFA4DD552190599F00C0B431 /* Base */,
			);
			name = LaunchScreen.storyboard;
			sourceTree = "<group>";
		};
/* End PBXVariantGroup section */

/* Begin XCBuildConfiguration section */
		EFA4DD6E2190599F00C0B431 /* Debug */ = {
			isa = XCBuildConfiguration;
			buildSettings = {
				ALWAYS_SEARCH_USER_PATHS = NO;
				CLANG_ANALYZER_NONNULL = YES;
				CLANG_ANALYZER_NUMBER_OBJECT_CONVERSION = YES_AGGRESSIVE;
				CLANG_CXX_LANGUAGE_STANDARD = "gnu++14";
				CLANG_CXX_LIBRARY = "libc++";
				CLANG_ENABLE_MODULES = YES;
				CLANG_ENABLE_OBJC_ARC = YES;
				CLANG_ENABLE_OBJC_WEAK = YES;
				CLANG_WARN_BLOCK_CAPTURE_AUTORELEASING = YES;
				CLANG_WARN_BOOL_CONVERSION = YES;
				CLANG_WARN_COMMA = YES;
				CLANG_WARN_CONSTANT_CONVERSION = YES;
				CLANG_WARN_DEPRECATED_OBJC_IMPLEMENTATIONS = YES;
				CLANG_WARN_DIRECT_OBJC_ISA_USAGE = YES_ERROR;
				CLANG_WARN_DOCUMENTATION_COMMENTS = YES;
				CLANG_WARN_EMPTY_BODY = YES;
				CLANG_WARN_ENUM_CONVERSION = YES;
				CLANG_WARN_INFINITE_RECURSION = YES;
				CLANG_WARN_INT_CONVERSION = YES;
				CLANG_WARN_NON_LITERAL_NULL_CONVERSION = YES;
				CLANG_WARN_OBJC_IMPLICIT_RETAIN_SELF = YES;
				CLANG_WARN_OBJC_LITERAL_CONVERSION = YES;
				CLANG_WARN_OBJC_ROOT_CLASS = YES_ERROR;
				CLANG_WARN_RANGE_LOOP_ANALYSIS = YES;
				CLANG_WARN_STRICT_PROTOTYPES = YES;
				CLANG_WARN_SUSPICIOUS_MOVE = YES;
				CLANG_WARN_UNGUARDED_AVAILABILITY = YES_AGGRESSIVE;
				CLANG_WARN_UNREACHABLE_CODE = YES;
				CLANG_WARN__DUPLICATE_METHOD_MATCH = YES;
				CODE_SIGN_IDENTITY = "iPhone Developer";
				COPY_PHASE_STRIP = NO;
				DEBUG_INFORMATION_FORMAT = dwarf;
				ENABLE_STRICT_OBJC_MSGSEND = YES;
				ENABLE_TESTABILITY = YES;
				GCC_C_LANGUAGE_STANDARD = gnu11;
				GCC_DYNAMIC_NO_PIC = NO;
				GCC_NO_COMMON_BLOCKS = YES;
				GCC_OPTIMIZATION_LEVEL = 0;
				GCC_PREPROCESSOR_DEFINITIONS = (
					"DEBUG=1",
					"$(inherited)",
				);
				GCC_WARN_64_TO_32_BIT_CONVERSION = YES;
				GCC_WARN_ABOUT_RETURN_TYPE = YES_ERROR;
				GCC_WARN_UNDECLARED_SELECTOR = YES;
				GCC_WARN_UNINITIALIZED_AUTOS = YES_AGGRESSIVE;
				GCC_WARN_UNUSED_FUNCTION = YES;
				GCC_WARN_UNUSED_VARIABLE = YES;
				IPHONEOS_DEPLOYMENT_TARGET = 11.4;
				MTL_ENABLE_DEBUG_INFO = YES;
				ONLY_ACTIVE_ARCH = YES;
				SDKROOT = iphoneos;
				SWIFT_ACTIVE_COMPILATION_CONDITIONS = DEBUG;
				SWIFT_OPTIMIZATION_LEVEL = "-Onone";
			};
			name = Debug;
		};
		EFA4DD6F2190599F00C0B431 /* Release */ = {
			isa = XCBuildConfiguration;
			buildSettings = {
				ALWAYS_SEARCH_USER_PATHS = NO;
				CLANG_ANALYZER_NONNULL = YES;
				CLANG_ANALYZER_NUMBER_OBJECT_CONVERSION = YES_AGGRESSIVE;
				CLANG_CXX_LANGUAGE_STANDARD = "gnu++14";
				CLANG_CXX_LIBRARY = "libc++";
				CLANG_ENABLE_MODULES = YES;
				CLANG_ENABLE_OBJC_ARC = YES;
				CLANG_ENABLE_OBJC_WEAK = YES;
				CLANG_WARN_BLOCK_CAPTURE_AUTORELEASING = YES;
				CLANG_WARN_BOOL_CONVERSION = YES;
				CLANG_WARN_COMMA = YES;
				CLANG_WARN_CONSTANT_CONVERSION = YES;
				CLANG_WARN_DEPRECATED_OBJC_IMPLEMENTATIONS = YES;
				CLANG_WARN_DIRECT_OBJC_ISA_USAGE = YES_ERROR;
				CLANG_WARN_DOCUMENTATION_COMMENTS = YES;
				CLANG_WARN_EMPTY_BODY = YES;
				CLANG_WARN_ENUM_CONVERSION = YES;
				CLANG_WARN_INFINITE_RECURSION = YES;
				CLANG_WARN_INT_CONVERSION = YES;
				CLANG_WARN_NON_LITERAL_NULL_CONVERSION = YES;
				CLANG_WARN_OBJC_IMPLICIT_RETAIN_SELF = YES;
				CLANG_WARN_OBJC_LITERAL_CONVERSION = YES;
				CLANG_WARN_OBJC_ROOT_CLASS = YES_ERROR;
				CLANG_WARN_RANGE_LOOP_ANALYSIS = YES;
				CLANG_WARN_STRICT_PROTOTYPES = YES;
				CLANG_WARN_SUSPICIOUS_MOVE = YES;
				CLANG_WARN_UNGUARDED_AVAILABILITY = YES_AGGRESSIVE;
				CLANG_WARN_UNREACHABLE_CODE = YES;
				CLANG_WARN__DUPLICATE_METHOD_MATCH = YES;
				CODE_SIGN_IDENTITY = "iPhone Developer";
				COPY_PHASE_STRIP = NO;
				DEBUG_INFORMATION_FORMAT = "dwarf-with-dsym";
				ENABLE_NS_ASSERTIONS = NO;
				ENABLE_STRICT_OBJC_MSGSEND = YES;
				GCC_C_LANGUAGE_STANDARD = gnu11;
				GCC_NO_COMMON_BLOCKS = YES;
				GCC_WARN_64_TO_32_BIT_CONVERSION = YES;
				GCC_WARN_ABOUT_RETURN_TYPE = YES_ERROR;
				GCC_WARN_UNDECLARED_SELECTOR = YES;
				GCC_WARN_UNINITIALIZED_AUTOS = YES_AGGRESSIVE;
				GCC_WARN_UNUSED_FUNCTION = YES;
				GCC_WARN_UNUSED_VARIABLE = YES;
				IPHONEOS_DEPLOYMENT_TARGET = 11.4;
				MTL_ENABLE_DEBUG_INFO = NO;
				SDKROOT = iphoneos;
				SWIFT_COMPILATION_MODE = wholemodule;
				SWIFT_OPTIMIZATION_LEVEL = "-O";
				VALIDATE_PRODUCT = YES;
			};
			name = Release;
		};
		EFA4DD712190599F00C0B431 /* Debug */ = {
			isa = XCBuildConfiguration;
			baseConfigurationReference = 15D10C265699C7268D633932 /* Pods-Notes.debug.xcconfig */;
			buildSettings = {
				ASSETCATALOG_COMPILER_APPICON_NAME = AppIcon;
				CODE_SIGN_STYLE = Automatic;
				DEVELOPMENT_TEAM = M8AK33T9ZH;
				INFOPLIST_FILE = Notes/Info.plist;
				LD_RUNPATH_SEARCH_PATHS = (
					"$(inherited)",
					"@executable_path/Frameworks",
				);
				PRODUCT_BUNDLE_IDENTIFIER = com.techmaster.Notes;
				PRODUCT_NAME = "$(TARGET_NAME)";
				SWIFT_VERSION = 4.0;
				TARGETED_DEVICE_FAMILY = "1,2";
			};
			name = Debug;
		};
		EFA4DD722190599F00C0B431 /* Release */ = {
			isa = XCBuildConfiguration;
			baseConfigurationReference = CB3BDE862C72E44F9F558CA2 /* Pods-Notes.release.xcconfig */;
			buildSettings = {
				ASSETCATALOG_COMPILER_APPICON_NAME = AppIcon;
				CODE_SIGN_STYLE = Automatic;
				DEVELOPMENT_TEAM = M8AK33T9ZH;
				INFOPLIST_FILE = Notes/Info.plist;
				LD_RUNPATH_SEARCH_PATHS = (
					"$(inherited)",
					"@executable_path/Frameworks",
				);
				PRODUCT_BUNDLE_IDENTIFIER = com.techmaster.Notes;
				PRODUCT_NAME = "$(TARGET_NAME)";
				SWIFT_VERSION = 4.0;
				TARGETED_DEVICE_FAMILY = "1,2";
			};
			name = Release;
		};
		EFA4DD742190599F00C0B431 /* Debug */ = {
			isa = XCBuildConfiguration;
			baseConfigurationReference = 1806C992E171949B8F380438 /* Pods-NotesTests.debug.xcconfig */;
			buildSettings = {
				ALWAYS_EMBED_SWIFT_STANDARD_LIBRARIES = YES;
				BUNDLE_LOADER = "$(TEST_HOST)";
				CODE_SIGN_STYLE = Automatic;
				DEVELOPMENT_TEAM = M8AK33T9ZH;
				INFOPLIST_FILE = NotesTests/Info.plist;
				LD_RUNPATH_SEARCH_PATHS = (
					"$(inherited)",
					"@executable_path/Frameworks",
					"@loader_path/Frameworks",
				);
				PRODUCT_BUNDLE_IDENTIFIER = com.techmaster.NotesTests;
				PRODUCT_NAME = "$(TARGET_NAME)";
				SWIFT_VERSION = 4.0;
				TARGETED_DEVICE_FAMILY = "1,2";
				TEST_HOST = "$(BUILT_PRODUCTS_DIR)/Notes.app/Notes";
			};
			name = Debug;
		};
		EFA4DD752190599F00C0B431 /* Release */ = {
			isa = XCBuildConfiguration;
			baseConfigurationReference = 662D6CEBF1D2F626A636127A /* Pods-NotesTests.release.xcconfig */;
			buildSettings = {
				ALWAYS_EMBED_SWIFT_STANDARD_LIBRARIES = YES;
				BUNDLE_LOADER = "$(TEST_HOST)";
				CODE_SIGN_STYLE = Automatic;
				DEVELOPMENT_TEAM = M8AK33T9ZH;
				INFOPLIST_FILE = NotesTests/Info.plist;
				LD_RUNPATH_SEARCH_PATHS = (
					"$(inherited)",
					"@executable_path/Frameworks",
					"@loader_path/Frameworks",
				);
				PRODUCT_BUNDLE_IDENTIFIER = com.techmaster.NotesTests;
				PRODUCT_NAME = "$(TARGET_NAME)";
				SWIFT_VERSION = 4.0;
				TARGETED_DEVICE_FAMILY = "1,2";
				TEST_HOST = "$(BUILT_PRODUCTS_DIR)/Notes.app/Notes";
			};
			name = Release;
		};
		EFA4DD772190599F00C0B431 /* Debug */ = {
			isa = XCBuildConfiguration;
			baseConfigurationReference = 0D22BCF24F60EDFA7DD874D8 /* Pods-NotesUITests.debug.xcconfig */;
			buildSettings = {
				ALWAYS_EMBED_SWIFT_STANDARD_LIBRARIES = YES;
				CODE_SIGN_STYLE = Automatic;
				DEVELOPMENT_TEAM = M8AK33T9ZH;
				INFOPLIST_FILE = NotesUITests/Info.plist;
				LD_RUNPATH_SEARCH_PATHS = (
					"$(inherited)",
					"@executable_path/Frameworks",
					"@loader_path/Frameworks",
				);
				PRODUCT_BUNDLE_IDENTIFIER = com.techmaster.NotesUITests;
				PRODUCT_NAME = "$(TARGET_NAME)";
				SWIFT_VERSION = 4.0;
				TARGETED_DEVICE_FAMILY = "1,2";
				TEST_TARGET_NAME = Notes;
			};
			name = Debug;
		};
		EFA4DD782190599F00C0B431 /* Release */ = {
			isa = XCBuildConfiguration;
			baseConfigurationReference = C84E788464E93A49FE2F69CE /* Pods-NotesUITests.release.xcconfig */;
			buildSettings = {
				ALWAYS_EMBED_SWIFT_STANDARD_LIBRARIES = YES;
				CODE_SIGN_STYLE = Automatic;
				DEVELOPMENT_TEAM = M8AK33T9ZH;
				INFOPLIST_FILE = NotesUITests/Info.plist;
				LD_RUNPATH_SEARCH_PATHS = (
					"$(inherited)",
					"@executable_path/Frameworks",
					"@loader_path/Frameworks",
				);
				PRODUCT_BUNDLE_IDENTIFIER = com.techmaster.NotesUITests;
				PRODUCT_NAME = "$(TARGET_NAME)";
				SWIFT_VERSION = 4.0;
				TARGETED_DEVICE_FAMILY = "1,2";
				TEST_TARGET_NAME = Notes;
			};
			name = Release;
		};
/* End XCBuildConfiguration section */

/* Begin XCConfigurationList section */
		EFA4DD432190599D00C0B431 /* Build configuration list for PBXProject "Notes" */ = {
			isa = XCConfigurationList;
			buildConfigurations = (
				EFA4DD6E2190599F00C0B431 /* Debug */,
				EFA4DD6F2190599F00C0B431 /* Release */,
			);
			defaultConfigurationIsVisible = 0;
			defaultConfigurationName = Release;
		};
		EFA4DD702190599F00C0B431 /* Build configuration list for PBXNativeTarget "Notes" */ = {
			isa = XCConfigurationList;
			buildConfigurations = (
				EFA4DD712190599F00C0B431 /* Debug */,
				EFA4DD722190599F00C0B431 /* Release */,
			);
			defaultConfigurationIsVisible = 0;
			defaultConfigurationName = Release;
		};
		EFA4DD732190599F00C0B431 /* Build configuration list for PBXNativeTarget "NotesTests" */ = {
			isa = XCConfigurationList;
			buildConfigurations = (
				EFA4DD742190599F00C0B431 /* Debug */,
				EFA4DD752190599F00C0B431 /* Release */,
			);
			defaultConfigurationIsVisible = 0;
			defaultConfigurationName = Release;
		};
		EFA4DD762190599F00C0B431 /* Build configuration list for PBXNativeTarget "NotesUITests" */ = {
			isa = XCConfigurationList;
			buildConfigurations = (
				EFA4DD772190599F00C0B431 /* Debug */,
				EFA4DD782190599F00C0B431 /* Release */,
			);
			defaultConfigurationIsVisible = 0;
			defaultConfigurationName = Release;
		};
/* End XCConfigurationList section */
	};
	rootObject = EFA4DD402190599D00C0B431 /* Project object */;
}
